{
  "name": "CS3-PROJECT",
  "lockfileVersion": 3,
  "requires": true,
  "packages": {
    "": {
      "dependencies": {
        "@eastdesire/jscolor": "^2.5.2",
        "rgb-hex": "^4.1.0",
        "string-to-color": "^2.2.2"
      }
    },
    "node_modules/@eastdesire/jscolor": {
      "version": "2.5.2",
      "resolved": "https://registry.npmjs.org/@eastdesire/jscolor/-/jscolor-2.5.2.tgz",
      "integrity": "sha512-WPldVg9Z0tXDOROpbeLslv0Uj/CPgou+6GVMPZs2T+nKOkeBHYVZNfugixBhGzYWKWUumTzmTkLgnCVWlNwl2w==",
      "license": "GPL-3.0-or-later"
    },
    "node_modules/colornames": {
      "version": "1.1.1",
      "resolved": "https://registry.npmjs.org/colornames/-/colornames-1.1.1.tgz",
      "integrity": "sha512-/pyV40IrsdulWv+wFPmERh9k/mjsPZ64yUMDmWrtj/k1nmgrzzIENWKdaVKyBbvFdQWqkcaRxr+polCo3VMe7A==",
      "license": "MIT"
    },
    "node_modules/hex-rgb": {
      "version": "4.3.0",
      "resolved": "https://registry.npmjs.org/hex-rgb/-/hex-rgb-4.3.0.tgz",
      "integrity": "sha512-Ox1pJVrDCyGHMG9CFg1tmrRUMRPRsAWYc/PinY0XzJU4K7y7vjNoLKIQ7BR5UJMCxNN8EM1MNDmHWA/B3aZUuw==",
      "license": "MIT",
      "engines": {
        "node": ">=6"
      },
      "funding": {
        "url": "https://github.com/sponsors/sindresorhus"
      }
    },
    "node_modules/lodash.padend": {
      "version": "4.6.1",
      "resolved": "https://registry.npmjs.org/lodash.padend/-/lodash.padend-4.6.1.tgz",
      "integrity": "sha512-sOQs2aqGpbl27tmCS1QNZA09Uqp01ZzWfDUoD+xzTii0E7dSQfRKcRetFwa+uXaxaqL+TKm7CgD2JdKP7aZBSw==",
      "license": "MIT"
    },
    "node_modules/lodash.trimstart": {
      "version": "4.5.1",
      "resolved": "https://registry.npmjs.org/lodash.trimstart/-/lodash.trimstart-4.5.1.tgz",
      "integrity": "sha512-b/+D6La8tU76L/61/aN0jULWHkT0EeJCmVstPBn/K9MtD2qBW83AsBNrr63dKuWYwVMO7ucv13QNO/Ek/2RKaQ==",
      "license": "MIT"
    },
    "node_modules/lodash.words": {
      "version": "4.2.0",
      "resolved": "https://registry.npmjs.org/lodash.words/-/lodash.words-4.2.0.tgz",
      "integrity": "sha512-mXxqd8Yx9BGPij3lZKFSdOsjOTbL4krbCCp9slEozaN4EMppA2dFmK/f8HeohodprY6W0vOdiQ5WFgPaTI75xQ==",
      "license": "MIT"
    },
    "node_modules/rgb-hex": {
      "version": "4.1.0",
      "resolved": "https://registry.npmjs.org/rgb-hex/-/rgb-hex-4.1.0.tgz",
      "integrity": "sha512-UZLM57BW09Yi9J1R3OP8B1yCbbDK3NT8BDtihGZkGkGEs2b6EaV85rsfJ6yK4F+8UbxFFmfA+9xHT5ZWhN1gDQ==",
      "license": "MIT",
      "engines": {
        "node": ">=12"
      },
      "funding": {
        "url": "https://github.com/sponsors/sindresorhus"
      }
    },
    "node_modules/string-to-color": {
      "version": "2.2.2",
      "resolved": "https://registry.npmjs.org/string-to-color/-/string-to-color-2.2.2.tgz",
      "integrity": "sha512-XeA2goP7PNsSlz8RRn6KhYswnMf5Tl+38ajfy8n4oZJyMGC4qqKgHNHsZ/3qwvr42NRIjf9eSr721SyetDeMkA==",
      "license": "MIT",
      "dependencies": {
        "colornames": "^1.1.1",
        "hex-rgb": "^4.1.0",
        "lodash.padend": "^4.6.1",
        "lodash.trimstart": "^4.5.1",
        "lodash.words": "^4.2.0",
        "rgb-hex": "^3.0.0"
      }
    },
    "node_modules/string-to-color/node_modules/rgb-hex": {
      "version": "3.0.0",
      "resolved": "https://registry.npmjs.org/rgb-hex/-/rgb-hex-3.0.0.tgz",
      "integrity": "sha512-8h7ZcwxCBDKvchSWbWngJuSCqJGQ6nDuLLg+QcRyQDbX9jMWt+PpPeXAhSla0GOooEomk3lCprUpGkMdsLjKyg==",
      "license": "MIT",
      "engines": {
        "node": ">=8"
      }
    }
  }
}
